
Microsoft Visual Studio Solution File, Format Version 12.00
# Visual Studio Version 16
VisualStudioVersion = 16.0.29613.14
MinimumVisualStudioVersion = 10.0.40219.1
Project("{FAE04EC0-301F-11D3-BF4B-00C04F79EFBC}") = "UserWebServiceProject2", "UserWebServiceProject2\UserWebServiceProject2.csproj", "{33A9637A-A20F-4EB3-8D05-BAC6464D5C1C}"
EndProject
Global
	GlobalSection(SolutionConfigurationPlatforms) = preSolution
		Debug|Any CPU = Debug|Any CPU
		Release|Any CPU = Release|Any CPU
	EndGlobalSection
	GlobalSection(ProjectConfigurationPlatforms) = postSolution
		{33A9637A-A20F-4EB3-8D05-BAC6464D5C1C}.Debug|Any CPU.ActiveCfg = Debug|Any CPU
		{33A9637A-A20F-4EB3-8D05-BAC6464D5C1C}.Debug|Any CPU.Build.0 = Debug|Any CPU
		{33A9637A-A20F-4EB3-8D05-BAC6464D5C1C}.Release|Any CPU.ActiveCfg = Release|Any CPU
		{33A9637A-A20F-4EB3-8D05-BAC6464D5C1C}.Release|Any CPU.Build.0 = Release|Any CPU
	EndGlobalSection
	GlobalSection(SolutionProperties) = preSolution
		HideSolutionNode = FALSE
	EndGlobalSection
	GlobalSection(ExtensibilityGlobals) = postSolution
		SolutionGuid = {D2B3FF00-3AFD-418D-9024-89B983D42138}
	EndGlobalSection
EndGlobal
